
Microsoft Visual Studio Solution File, Format Version 10.00
# Visual Studio 2008
Project("{D183A3D8-5FD8-494B-B014-37F57B35E655}") = "TestingGit", "TestingGit\TestingGit.dtproj", "{67DFB245-4CC5-4E2F-81FF-D19D6D9C146E}"
EndProject
Global
	GlobalSection(SolutionConfigurationPlatforms) = preSolution
		Development|Default = Development|Default
	EndGlobalSection
	GlobalSection(ProjectConfigurationPlatforms) = postSolution
		{67DFB245-4CC5-4E2F-81FF-D19D6D9C146E}.Development|Default.ActiveCfg = Development
		{67DFB245-4CC5-4E2F-81FF-D19D6D9C146E}.Development|Default.Build.0 = Development
	EndGlobalSection
	GlobalSection(SolutionProperties) = preSolution
		HideSolutionNode = FALSE
	EndGlobalSection
EndGlobal
